PODS:
  - ClingConstraints (1.0.2)
  - Hero (1.4.0)
  - lottie-ios (2.5.2)
  - MagazineLayout (1.2.1)
  - MaterialComponents/Cards (77.0.0):
    - MaterialComponents/Ink
    - MaterialComponents/private/Icons/ic_check_circle
    - MaterialComponents/private/Math
    - MaterialComponents/ShadowLayer
    - MaterialComponents/Shapes
  - MaterialComponents/Ink (77.0.0):
    - MaterialComponents/private/Math
  - MaterialComponents/private/Icons/Base (77.0.0)
  - MaterialComponents/private/Icons/ic_check_circle (77.0.0):
    - MaterialComponents/private/Icons/Base
  - MaterialComponents/private/Math (77.0.0)
  - MaterialComponents/ShadowElevations (77.0.0)
  - MaterialComponents/ShadowLayer (77.0.0):
    - MaterialComponents/ShadowElevations
  - MaterialComponents/Shapes (77.0.0):
    - MaterialComponents/private/Math
    - MaterialComponents/ShadowLayer
  - WSTagsField (4.1.0)

DEPENDENCIES:
  - ClingConstraints
  - Hero
  - lottie-ios
  - MagazineLayout (~> 1.2.1)
  - MaterialComponents/Cards
  - WSTagsField

SPEC REPOS:
  https://github.com/cocoapods/specs.git:
    - ClingConstraints
    - Hero
    - lottie-ios
    - MagazineLayout
    - MaterialComponents
    - WSTagsField

SPEC CHECKSUMS:
  ClingConstraints: db6e34c17384e0f73ed9af3206020cac929ec40c
  Hero: bac92350d7201a1a940003e0767c7b52ce7c99a1
  lottie-ios: 3fef45d3fabe63e3c7c2eb603dd64ddfffc73062
  MagazineLayout: cd9cb2174bcf1c349d8286390c7f9716e4ef40b9
  MaterialComponents: 1dc805d52502bd9d5692c2ffcc8a169c8b65b916
  WSTagsField: 269da4be929d8945adf7195e3822b70826c1c1a4

PODFILE CHECKSUM: 4a9db74898e212eecf9ed009b73c3470f84d334e

COCOAPODS: 1.5.3
